// !$*UTF8*$!
{
	archiveVersion = 1;
	classes = {
	};
	objectVersion = 60;
	objects = {

/* Begin PBXBuildFile section */
		1A2B3C4D5E6F7A8B9C0D1E2F /* DailyTrackerApp.swift in Sources */ = {isa = PBXBuildFile; fileRef = 1A2B3C4D5E6F7A8B9C0D1E2E /* DailyTrackerApp.swift */; };
		2B3C4D5E6F7A8B9C0D1E2F30 /* DailyRecord.swift in Sourcehs */ = {isa = PBXBuildFile; fileRef = 2B3C4D5E6F7A8B9C0D1E2F2F /* DailyRecord.swift */; };
		3C4D5E6F7A8B9C0D1E2F3031 /* RecordViewModel.swift in Sources */ = {isa = PBXBuildFile; fileRef = 3C4D5E6F7A8B9C0D1E2F3030 /* RecordViewModel.swift */; };
		4D5E6F7A8B9C0D1E2F303132 /* ContentView.swift in Sources */ = {isa = PBXBuildFile; fileRef = 4D5E6F7A8B9C0D1E2F303131 /* ContentView.swift */; };
		5E6F7A8B9C0D1E2F30313233 /* RecordInputView.swift in Sources */ = {isa = PBXBuildFile; fileRef = 5E6F7A8B9C0D1E2F30313232 /* RecordInputView.swift */; };
		6F7A8B9C0D1E2F3031323334 /* HistoryView.swift in Sources */ = {isa = PBXBuildFile; fileRef = 6F7A8B9C0D1E2F3031323333 /* HistoryView.swift */; };
		AA8B9C0D1E2F30313233343B /* InsightsView.swift in Sources */ = {isa = PBXBuildFile; fileRef = 7A8B9C0D1E2F30313233343A /* InsightsView.swift */; };
		BB9C0D1E2F303132333435B2 /* Assets.xcassets in Resources */ = {isa = PBXBuildFile; fileRef = 8B9C0D1E2F303132333435B1 /* Assets.xcassets */; };
		CC0D1E2F303132333435B2C1 /* Preview Assets.xcassets in Resources */ = {isa = PBXBuildFile; fileRef = 9C0D1E2F303132333435B2C0 /* Preview Assets.xcassets */; };
/* End PBXBuildFile section */

/* Begin PBXFileReference section */
		1A2B3C4D5E6F7A8B9C0D1E00 /* DailyTracker.app */ = {isa = PBXFileReference; explicitFileType = wrapper.application; includeInIndex = 0; path = DailyTracker.app; sourceTree = BUILT_PRODUCTS_DIR; };
		1A2B3C4D5E6F7A8B9C0D1E2E /* DailyTrackerApp.swift */ = {isa = PBXFileReference; lastKnownFileType = sourcecode.swift; path = DailyTrackerApp.swift; sourceTree = "<group>"; };
		2B3C4D5E6F7A8B9C0D1E2F2F /* DailyRecord.swift */ = {isa = PBXFileReference; lastKnownFileType = sourcecode.swift; path = DailyRecord.swift; sourceTree = "<group>"; };
		3C4D5E6F7A8B9C0D1E2F3030 /* RecordViewModel.swift */ = {isa = PBXFileReference; lastKnownFileType = sourcecode.swift; path = RecordViewModel.swift; sourceTree = "<group>"; };
		4D5E6F7A8B9C0D1E2F303131 /* ContentView.swift */ = {isa = PBXFileReference; lastKnownFileType = sourcecode.swift; path = ContentView.swift; sourceTree = "<group>"; };
		5E6F7A8B9C0D1E2F30313232 /* RecordInputView.swift */ = {isa = PBXFileReference; lastKnownFileType = sourcecode.swift; path = RecordInputView.swift; sourceTree = "<group>"; };
		6F7A8B9C0D1E2F3031323333 /* HistoryView.swift */ = {isa = PBXFileReference; lastKnownFileType = sourcecode.swift; path = HistoryView.swift; sourceTree = "<group>"; };
		7A8B9C0D1E2F30313233343A /* InsightsView.swift */ = {isa = PBXFileReference; lastKnownFileType = sourcecode.swift; path = InsightsView.swift; sourceTree = "<group>"; };
		8B9C0D1E2F303132333435B1 /* Assets.xcassets */ = {isa = PBXFileReference; lastKnownFileType = folder.assetcatalog; path = Assets.xcassets; sourceTree = "<group>"; };
		9C0D1E2F303132333435B2C0 /* Preview Assets.xcassets */ = {isa = PBXFileReference; lastKnownFileType = folder.assetcatalog; path = "Preview Assets.xcassets"; sourceTree = "<group>"; };
		A1B2C3D4E5F6A7B8C9D0E1F2 /* Info.plist */ = {isa = PBXFileReference; lastKnownFileType = text.plist.xml; path = Info.plist; sourceTree = "<group>"; };
/* End PBXFileReference section */

/* Begin PBXFrameworksBuildPhase section */
		C1D2E3F4A5B6C7D8E9F0A1B2 /* Frameworks */ = {
			isa = PBXFrameworksBuildPhase;
			buildActionMask = 2147483647;
			files = (
			);
			runOnlyForDeploymentPostprocessing = 0;
		};
/* End PBXFrameworksBuildPhase section */

/* Begin PBXGroup section */
		D2E3F4A5B6C7D8E9F0A1B2C3 = {
			isa = PBXGroup;
			children = (
				E3F4A5B6C7D8E9F0A1B2C3D4 /* DailyTracker */,
				F4A5B6C7D8E9F0A1B2C3D4E5 /* Products */,
				A5B6C7D8E9F0A1B2C3D4E5F6 /* Frameworks */,
			);
			sourceTree = "<group>";
		};
		E3F4A5B6C7D8E9F0A1B2C3D4 /* DailyTracker */ = {
			isa = PBXGroup;
			children = (
				1A2B3C4D5E6F7A8B9C0D1E2E /* DailyTrackerApp.swift */,
				B6C7D8E9F0A1B2C3D4E5F6A7 /* Models */,
				C7D8E9F0A1B2C3D4E5F6A7B8 /* ViewModels */,
				D8E9F0A1B2C3D4E5F6A7B8C9 /* Views */,
				8B9C0D1E2F303132333435B1 /* Assets.xcassets */,
				E9F0A1B2C3D4E5F6A7B8C9D0 /* Preview Content */,
				A1B2C3D4E5F6A7B8C9D0E1F2 /* Info.plist */,
			);
			path = DailyTracker;
			sourceTree = "<group>";
		};
		B6C7D8E9F0A1B2C3D4E5F6A7 /* Models */ = {
			isa = PBXGroup;
			children = (
				2B3C4D5E6F7A8B9C0D1E2F2F /* DailyRecord.swift */,
			);
			path = Models;
			sourceTree = "<group>";
		};
		C7D8E9F0A1B2C3D4E5F6A7B8 /* ViewModels */ = {
			isa = PBXGroup;
			children = (
				3C4D5E6F7A8B9C0D1E2F3030 /* RecordViewModel.swift */,
			);
			path = ViewModels;
			sourceTree = "<group>";
		};
		D8E9F0A1B2C3D4E5F6A7B8C9 /* Views */ = {
			isa = PBXGroup;
			children = (
				4D5E6F7A8B9C0D1E2F303131 /* ContentView.swift */,
				5E6F7A8B9C0D1E2F30313232 /* RecordInputView.swift */,
				6F7A8B9C0D1E2F3031323333 /* HistoryView.swift */,
				7A8B9C0D1E2F30313233343A /* InsightsView.swift */,
			);
			path = Views;
			sourceTree = "<group>";
		};
		E9F0A1B2C3D4E5F6A7B8C9D0 /* Preview Content */ = {
			isa = PBXGroup;
			children = (
				9C0D1E2F303132333435B2C0 /* Preview Assets.xcassets */,
			);
			path = "Preview Content";
			sourceTree = "<group>";
		};
		F4A5B6C7D8E9F0A1B2C3D4E5 /* Products */ = {
			isa = PBXGroup;
			children = (
				1A2B3C4D5E6F7A8B9C0D1E00 /* DailyTracker.app */,
			);
			name = Products;
			sourceTree = "<group>";
		};
		A5B6C7D8E9F0A1B2C3D4E5F6 /* Frameworks */ = {
			isa = PBXGroup;
			children = (
			);
			name = Frameworks;
			sourceTree = "<group>";
		};
/* End PBXGroup section */

/* Begin PBXNativeTarget section */
		1A2B3C4D5E6F7A8B9C0D1E01 /* DailyTracker */ = {
			isa = PBXNativeTarget;
			buildConfigurationList = 2B3C4D5E6F7A8B9C0D1E2F3C /* Build configuration list for PBXNativeTarget "DailyTracker" */;
			buildPhases = (
				3C4D5E6F7A8B9C0D1E2F303D /* Sources */,
				C1D2E3F4A5B6C7D8E9F0A1B2 /* Frameworks */,
				4D5E6F7A8B9C0D1E2F303E /* Resources */,
			);
			buildRules = (
			);
			dependencies = (
			);
			name = DailyTracker;
			productName = DailyTracker;
			productReference = 1A2B3C4D5E6F7A8B9C0D1E00 /* DailyTracker.app */;
			productType = "com.apple.product-type.application";
		};
/* End PBXNativeTarget section */

/* Begin PBXProject section */
		D2E3F4A5B6C7D8E9F0A1B2C4 /* Project object */ = {
			isa = PBXProject;
			attributes = {
				BuildIndependentTargetsInParallel = 1;
				LastSwiftUpdateCheck = 1600;
				LastUpgradeCheck = 1600;
				TargetAttributes = {
					1A2B3C4D5E6F7A8B9C0D1E01 = {
						CreatedOnToolsVersion = 16.0;
					};
				};
			};
			buildConfigurationList = D2E3F4A5B6C7D8E9F0A1B2C5 /* Build configuration list for PBXProject "DailyTracker" */;
			compatibilityVersion = "Xcode 15.0";
			developmentRegion = en;
			hasScannedForEncodings = 0;
			knownRegions = (
				en,
				Base,
			);
			mainGroup = D2E3F4A5B6C7D8E9F0A1B2C3;
			packageReferences = (
			);
			productRefGroup = F4A5B6C7D8E9F0A1B2C3D4E5 /* Products */;
			projectDirPath = "";
			projectRoot = "";
			targets = (
				1A2B3C4D5E6F7A8B9C0D1E01 /* DailyTracker */,
			);
		};
/* End PBXProject section */

/* Begin PBXResourcesBuildPhase section */
		4D5E6F7A8B9C0D1E2F303E /* Resources */ = {
			isa = PBXResourcesBuildPhase;
			buildActionMask = 2147483647;
			files = (
				CC0D1E2F303132333435B2C1 /* Preview Assets.xcassets in Resources */,
				BB9C0D1E2F303132333435B2 /* Assets.xcassets in Resources */,
			);
			runOnlyForDeploymentPostprocessing = 0;
		};
/* End PBXResourcesBuildPhase section */

/* Begin PBXSourcesBuildPhase section */
		3C4D5E6F7A8B9C0D1E2F303D /* Sources */ = {
			isa = PBXSourcesBuildPhase;
			buildActionMask = 2147483647;
			files = (
				1A2B3C4D5E6F7A8B9C0D1E2F /* DailyTrackerApp.swift in Sources */,
				2B3C4D5E6F7A8B9C0D1E2F30 /* DailyRecord.swift in Sources */,
				3C4D5E6F7A8B9C0D1E2F3031 /* RecordViewModel.swift in Sources */,
				4D5E6F7A8B9C0D1E2F303132 /* ContentView.swift in Sources */,
				5E6F7A8B9C0D1E2F30313233 /* RecordInputView.swift in Sources */,
				6F7A8B9C0D1E2F3031323334 /* HistoryView.swift in Sources */,
				AA8B9C0D1E2F30313233343B /* InsightsView.swift in Sources */,
			);
			runOnlyForDeploymentPostprocessing = 0;
		};
/* End PBXSourcesBuildPhase section */

/* Begin XCBuildConfiguration section */
		5E6F7A8B9C0D1E2F3031323F /* Debug */ = {
			isa = XCBuildConfiguration;
			buildSettings = {
				ALWAYS_SEARCH_USER_PATHS = NO;
				ASSETCATALOG_COMPILER_GENERATE_SWIFT_ASSET_SYMBOL_EXTENSIONS = YES;
				CLANG_ANALYZER_NONNULL = YES;
				CLANG_ANALYZER_NUMBER_OBJECT_CONVERSION = YES_AGGRESSIVE;
				CLANG_CXX_LANGUAGE_DIALECT = "c++20";
				CLANG_CXX_LIBRARY = "libc++";
				CLANG_ENABLE_MODULES = YES;
				CLANG_ENABLE_OBJC_ARC = YES;
				CLANG_WARN_BLOCK_CAPTURE_AUTORELEASING = YES;
				CLANG_WARN_BOOL_CONVERSION = YES;
				CLANG_WARN_COMMA = YES;
				CLANG_WARN_CONSTANT_CONVERSION = YES;
				CLANG_WARN_DEPRECATED_OBJC_IMPLEMENTATIONS = YES;
				CLANG_WARN_DIRECT_OBJC_ISA_USAGE = YES_ERROR;
				CLANG_WARN_DOCUMENTATION_COMMENTS = YES;
				CLANG_WARN_EMPTY_BODY = YES;
				CLANG_WARN_ENUM_CONVERSION = YES;
				CLANG_WARN_INFINITE_RECURSION = YES;
				CLANG_WARN_INT_CONVERSION = YES;
				CLANG_WARN_NON_LITERAL_NULL_CONVERSION = YES;
				CLANG_WARN_OBJC_IMPLICIT_RETAIN_SELF = YES;
				CLANG_WARN_OBJC_LITERAL_CONVERSION = YES;
				CLANG_WARN_OBJC_ROOT_CLASS = YES_ERROR;
				CLANG_WARN_QUOTED_INCLUDE_IN_FRAMEWORK_HEADER = YES;
				CLANG_WARN_RANGE_LOOP_ANALYSIS = YES;
				CLANG_WARN_STRICT_PROTOTYPES = YES;
				CLANG_WARN_SUSPICIOUS_MOVE = YES;
				CLANG_WARN_SUSPICIOUS_MOVES = YES;
				CLANG_WARN_UNREACHABLE_CODE = YES;
				CLANG_WARN__DUPLICATE_METHOD_MATCH = YES;
				COPY_PHASE_STRIP = NO;
				DEBUG_INFORMATION_FORMAT = dwarf;
				ENABLE_STRICT_OBJC_MSGSEND = YES;
				ENABLE_TESTABILITY = YES;
				ENABLE_USER_SCRIPT_SANDBOXING = YES;
				GCC_C_LANGUAGE_DIALECT = gnu17;
				GCC_DYNAMIC_NO_PIC = NO;
				GCC_NO_COMMON_BLOCKS = YES;
				GCC_OPTIMIZATION_LEVEL = 0;
				GCC_PREPROCESSOR_DEFINITIONS = (
					"DEBUG=1",
					"$(inherited)",
				);
				GCC_WARN_64_TO_32_BIT_CONVERSION = YES;
				GCC_WARN_ABOUT_RETURN_TYPE = YES_ERROR;
				GCC_WARN_UNDECLARED_SELECTOR = YES;
				GCC_WARN_UNINITIALIZED_AUTOS = YES_AGGRESSIVE;
				GCC_WARN_UNUSED_FUNCTION = YES;
				GCC_WARN_UNUSED_VARIABLE = YES;
				IPHONEOS_DEPLOYMENT_TARGET = 17.0;
				LOCALIZATION_PREFERS_STRING_CATALOGS = YES;
				MTL_ENABLE_DEBUG_INFO = INCLUDE_SOURCE;
				MTL_FAST_MATH = YES;
				ONLY_ACTIVE_ARCH = YES;
				SDKROOT = iphoneos;
				SWIFT_ACTIVE_COMPILATION_CONDITIONS = "DEBUG $(inherited)";
				SWIFT_OPTIMIZATION_LEVEL = "-Onone";
				SWIFT_VERSION = 5.9;
			};
			name = Debug;
		};
		6F7A8B9C0D1E2F30313240 /* Release */ = {
			isa = XCBuildConfiguration;
			buildSettings = {
				ALWAYS_SEARCH_USER_PATHS = NO;
				ASSETCATALOG_COMPILER_GENERATE_SWIFT_ASSET_SYMBOL_EXTENSIONS = YES;
				CLANG_ANALYZER_NONNULL = YES;
				CLANG_ANALYZER_NUMBER_OBJECT_CONVERSION = YES_AGGRESSIVE;
				CLANG_CXX_LANGUAGE_DIALECT = "c++20";
				CLANG_CXX_LIBRARY = "libc++";
				CLANG_ENABLE_MODULES = YES;
				CLANG_ENABLE_OBJC_ARC = YES;
				CLANG_WARN_BLOCK_CAPTURE_AUTORELEASING = YES;
				CLANG_WARN_BOOL_CONVERSION = YES;
				CLANG_WARN_COMMA = YES;
				CLANG_WARN_CONSTANT_CONVERSION = YES;
				CLANG_WARN_DEPRECATED_OBJC_IMPLEMENTATIONS = YES;
				CLANG_WARN_DIRECT_OBJC_ISA_USAGE = YES_ERROR;
				CLANG_WARN_DOCUMENTATION_COMMENTS = YES;
				CLANG_WARN_EMPTY_BODY = YES;
				CLANG_WARN_ENUM_CONVERSION = YES;
				CLANG_WARN_INFINITE_RECURSION = YES;
				CLANG_WARN_INT_CONVERSION = YES;
				CLANG_WARN_NON_LITERAL_NULL_CONVERSION = YES;
				CLANG_WARN_OBJC_IMPLICIT_RETAIN_SELF = YES;
				CLANG_WARN_OBJC_LITERAL_CONVERSION = YES;
				CLANG_WARN_OBJC_ROOT_CLASS = YES_ERROR;
				CLANG_WARN_QUOTED_INCLUDE_IN_FRAMEWORK_HEADER = YES;
				CLANG_WARN_RANGE_LOOP_ANALYSIS = YES;
				CLANG_WARN_STRICT_PROTOTYPES = YES;
				CLANG_WARN_SUSPICIOUS_MOVE = YES;
				CLANG_WARN_SUSPICIOUS_MOVES = YES;
				CLANG_WARN_UNREACHABLE_CODE = YES;
				CLANG_WARN__DUPLICATE_METHOD_MATCH = YES;
				COPY_PHASE_STRIP = NO;
				DEBUG_INFORMATION_FORMAT = "dwarf-with-dsym";
				ENABLE_STRICT_OBJC_MSGSEND = YES;
				ENABLE_USER_SCRIPT_SANDBOXING = YES;
				GCC_C_LANGUAGE_DIALECT = gnu17;
				GCC_NO_COMMON_BLOCKS = YES;
				GCC_OPTIMIZATION_LEVEL = s;
				GCC_WARN_64_TO_32_BIT_CONVERSION = YES;
				GCC_WARN_ABOUT_RETURN_TYPE = YES_ERROR;
				GCC_WARN_UNDECLARED_SELECTOR = YES;
				GCC_WARN_UNINITIALIZED_AUTOS = YES_AGGRESSIVE;
				GCC_WARN_UNUSED_FUNCTION = YES;
				GCC_WARN_UNUSED_VARIABLE = YES;
				IPHONEOS_DEPLOYMENT_TARGET = 17.0;
				LOCALIZATION_PREFERS_STRING_CATALOGS = YES;
				MTL_ENABLE_DEBUG_INFO = NO;
				MTL_FAST_MATH = YES;
				SDKROOT = iphoneos;
				SWIFT_COMPILATION_MODE = wholemodule;
				SWIFT_OPTIMIZATION_LEVEL = "-O";
				SWIFT_VERSION = 5.9;
				VALIDATE_PRODUCT = YES;
			};
			name = Release;
		};
		7A8B9C0D1E2F30313241 /* Debug */ = {
			isa = XCBuildConfiguration;
			buildSettings = {
				ASSETCATALOG_COMPILER_APPICON_NAME = AppIcon;
				ASSETCATALOG_COMPILER_GLOBAL_ACCENT_COLOR_NAME = AccentColor;
				CODE_SIGN_STYLE = Automatic;
				CURRENT_PROJECT_VERSION = 1;
				DEVELOPMENT_TEAM = "";
				GENERATE_INFOPLIST_FILE = YES;
				INFOPLIST_FILE = DailyTracker/Info.plist;
				INFOPLIST_KEY_UIApplicationSceneManifest_Generation = YES;
				INFOPLIST_KEY_UIApplicationSupportsIndirectInputEvents = YES;
				INFOPLIST_KEY_UILaunchScreen_Generation = YES;
				INFOPLIST_KEY_UISupportedInterfaceOrientations_iPad = "UIInterfaceOrientationPortrait UIInterfaceOrientationPortraitUpsideDown UIInterfaceOrientationLandscapeLeft UIInterfaceOrientationLandscapeRight";
				INFOPLIST_KEY_UISupportedInterfaceOrientations_iPhone = "UIInterfaceOrientationPortrait UIInterfaceOrientationLandscapeLandscapeRight";
				LD_RUNPATH_SEARCH_PATHS = (
					"$(inherited)",
					"@executable_path/Frameworks",
				);
				MARKETING_VERSION = 1.0;
				PRODUCT_BUNDLE_IDENTIFIER = com.ryomawasabi.dailytracker;
				PRODUCT_NAME = "$(TARGET_NAME)";
				SWIFT_EMIT_LOC_STRINGS = YES;
				SWIFT_VERSION = 5.9;
				TARGETED_DEVICE_FAMILY = "1,2";
			};
			name = Debug;
		};
		8B9C0D1E2F30313242 /* Release */ = {
			isa = XCBuildConfiguration;
			buildSettings = {
				ASSETCATALOG_COMPILER_APPICON_NAME = AppIcon;
				ASSETCATALOG_COMPILER_GLOBAL_ACCENT_COLOR_NAME = AccentColor;
				CODE_SIGN_STYLE = Automatic;
				CURRENT_PROJECT_VERSION = 1;
				DEVELOPMENT_TEAM = "";
				GENERATE_INFOPLIST_FILE = YES;
				INFOPLIST_FILE = DailyTracker/Info.plist;
				INFOPLIST_KEY_UIApplicationSceneManifest_Generation = YES;
				INFOPLIST_KEY_UIApplicationSupportsIndirectInputEvents = YES;
				INFOPLIST_KEY_UILaunchScreen_Generation = YES;
				INFOPLIST_KEY_UISupportedInterfaceOrientations_iPad = "UIInterfaceOrientationPortrait UIInterfaceOrientationPortraitUpsideDown UIInterfaceOrientationLandscapeLeft UIInterfaceOrientationLandscapeRight";
				INFOPLIST_KEY_UISupportedInterfaceOrientations_iPhone = "UIInterfaceOrientationPortrait UIInterfaceOrientationLandscapeLandscapeRight";
				LD_RUNPATH_SEARCH_PATHS = (
					"$(inherited)",
					"@executable_path/Frameworks",
				);
				MARKETING_VERSION = 1.0;
				PRODUCT_BUNDLE_IDENTIFIER = com.ryomawasabi.dailytracker;
				PRODUCT_NAME = "$(TARGET_NAME)";
				SWIFT_EMIT_LOC_STRINGS = YES;
				SWIFT_VERSION = 5.9;
				TARGETED_DEVICE_FAMILY = "1,2";
			};
			name = Release;
		};
/* End XCBuildConfiguration section */

/* Begin XCConfigurationList section */
		D2E3F4A5B6C7D8E9F0A1B2C5 /* Build configuration list for PBXProject "DailyTracker" */ = {
			isa = XCConfigurationList;
			buildConfigurations = (
				5E6F7A8B9C0D1E2F3031323F /* Debug */,
				6F7A8B9C0D1E2F30313240 /* Release */,
			);
			defaultConfigurationIsVisible = 0;
			defaultConfigurationName = Release;
		};
		2B3C4D5E6F7A8B9C0D1E2F3C /* Build configuration list for PBXNativeTarget "DailyTracker" */ = {
			isa = XCConfigurationList;
			buildConfigurations = (
				7A8B9C0D1E2F30313241 /* Debug */,
				8B9C0D1E2F30313242 /* Release */,
			);
			defaultConfigurationIsVisible = 0;
			defaultConfigurationName = Release;
		};
/* End XCConfigurationList section */
	};
	rootObject = D2E3F4A5B6C7D8E9F0A1B2C4 /* Project object */;
}
